
Microsoft Visual Studio Solution File, Format Version 12.00
Project("{FAE04EC0-301F-11D3-BF4B-00C04F79EFBC}") = "sixth", "sixth\sixth.csproj", "{280E1262-8A1F-4A24-8D61-53E5210CE21D}"
EndProject
Global
	GlobalSection(SolutionConfigurationPlatforms) = preSolution
		Debug|Any CPU = Debug|Any CPU
		Release|Any CPU = Release|Any CPU
	EndGlobalSection
	GlobalSection(ProjectConfigurationPlatforms) = postSolution
		{280E1262-8A1F-4A24-8D61-53E5210CE21D}.Debug|Any CPU.ActiveCfg = Debug|Any CPU
		{280E1262-8A1F-4A24-8D61-53E5210CE21D}.Debug|Any CPU.Build.0 = Debug|Any CPU
		{280E1262-8A1F-4A24-8D61-53E5210CE21D}.Release|Any CPU.ActiveCfg = Release|Any CPU
		{280E1262-8A1F-4A24-8D61-53E5210CE21D}.Release|Any CPU.Build.0 = Release|Any CPU
	EndGlobalSection
EndGlobal
